<?xml version="1.0" encoding="utf-8"?>
<Project ToolsVersion="4.0" xmlns="http://schemas.microsoft.com/developer/msbuild/2003">
  <ItemGroup>
    <Filter Include="Source Files">
      <UniqueIdentifier>{4FC737F1-C7A5-4376-A066-2A32D752A2FF}</UniqueIdentifier>
      <Extensions>cpp;c;cc;cxx;def;odl;idl;hpj;bat;asm;asmx</Extensions>
    </Filter>
    <Filter Include="Header Files">
      <UniqueIdentifier>{93995380-89BD-4b04-88EB-625FBE52EBFB}</UniqueIdentifier>
      <Extensions>h;hh;hpp;hxx;hm;inl;inc;xsd</Extensions>
    </Filter>
    <Filter Include="Resource Files">
      <UniqueIdentifier>{67DA6AB6-F800-4c08-8B7A-83BB121AAD01}</UniqueIdentifier>
      <Extensions>rc;ico;cur;bmp;dlg;rc2;rct;bin;rgs;gif;jpg;jpeg;jpe;resx;tiff;tif;png;wav;mfcribbon-ms</Extensions>
    </Filter>
    <Filter Include="WordAnalyze">
      <UniqueIdentifier>{a269aa02-7ed7-496a-b200-36904718e819}</UniqueIdentifier>
    </Filter>
    <Filter Include="SyntaxAnalyze">
      <UniqueIdentifier>{5794bd61-e167-49be-b531-5dc8427aa888}</UniqueIdentifier>
    </Filter>
  </ItemGroup>
  <ItemGroup>
    <ClInclude Include="WordAnalyze.h">
      <Filter>WordAnalyze</Filter>
    </ClInclude>
    <ClInclude Include="SyntaxAnalyze.h">
      <Filter>SyntaxAnalyze</Filter>
    </ClInclude>
  </ItemGroup>
  <ItemGroup>
    <ClCompile Include="MyWordAnalyze.cpp">
      <Filter>WordAnalyze</Filter>
    </ClCompile>
    <ClCompile Include="Main.cpp">
      <Filter>Source Files</Filter>
    </ClCompile>
    <ClCompile Include="MySyntaxAnalyze.cpp">
      <Filter>SyntaxAnalyze</Filter>
    </ClCompile>
  </ItemGroup>
</Project>